
Microsoft Visual Studio Solution File, Format Version 12.00
# Visual Studio Version 17
VisualStudioVersion = 17.14.36327.8 d17.14
MinimumVisualStudioVersion = 10.0.40219.1
Project("{FAE04EC0-301F-11D3-BF4B-00C04F79EFBC}") = "dcit318-assignment1-11134637", "dcit318-assignment1-11134637\dcit318-assignment1-11134637.csproj", "{DA43422F-5EE8-4CEC-A405-6D8933D2954A}"
EndProject
Global
	GlobalSection(SolutionConfigurationPlatforms) = preSolution
		Debug|Any CPU = Debug|Any CPU
		Release|Any CPU = Release|Any CPU
	EndGlobalSection
	GlobalSection(ProjectConfigurationPlatforms) = postSolution
		{DA43422F-5EE8-4CEC-A405-6D8933D2954A}.Debug|Any CPU.ActiveCfg = Debug|Any CPU
		{DA43422F-5EE8-4CEC-A405-6D8933D2954A}.Debug|Any CPU.Build.0 = Debug|Any CPU
		{DA43422F-5EE8-4CEC-A405-6D8933D2954A}.Release|Any CPU.ActiveCfg = Release|Any CPU
		{DA43422F-5EE8-4CEC-A405-6D8933D2954A}.Release|Any CPU.Build.0 = Release|Any CPU
	EndGlobalSection
	GlobalSection(SolutionProperties) = preSolution
		HideSolutionNode = FALSE
	EndGlobalSection
	GlobalSection(ExtensibilityGlobals) = postSolution
		SolutionGuid = {BB35249E-6A8F-4D52-ACFD-88F47A82689D}
	EndGlobalSection
EndGlobal
